# This file is automatically @generated by Cargo.
# It is not intended for manual editing.
version = 4

[[package]]
name = "cli"
version = "0.1.0"

[[package]]
name = "client"
version = "0.1.0"

[[package]]
name = "commands"
version = "0.1.0"

[[package]]
name = "state"
version = "0.1.0"

[[package]]
name = "tui"
version = "0.1.0"

[[package]]
name = "types"
version = "0.1.0"
